
Microsoft Visual Studio Solution File, Format Version 12.00
# Visual Studio Version 17
VisualStudioVersion = 17.8.34309.116
MinimumVisualStudioVersion = 10.0.40219.1
Project("{9A19103F-16F7-4668-BE54-9A1E7A4F7556}") = "Feedback-Application", "Feedback-Application\Feedback-Application.csproj", "{FAA7769B-2F6C-4A25-8F72-45B4714598E1}"
EndProject
Global
	GlobalSection(SolutionConfigurationPlatforms) = preSolution
		Debug|Any CPU = Debug|Any CPU
		Release|Any CPU = Release|Any CPU
	EndGlobalSection
	GlobalSection(ProjectConfigurationPlatforms) = postSolution
		{FAA7769B-2F6C-4A25-8F72-45B4714598E1}.Debug|Any CPU.ActiveCfg = Debug|Any CPU
		{FAA7769B-2F6C-4A25-8F72-45B4714598E1}.Debug|Any CPU.Build.0 = Debug|Any CPU
		{FAA7769B-2F6C-4A25-8F72-45B4714598E1}.Release|Any CPU.ActiveCfg = Release|Any CPU
		{FAA7769B-2F6C-4A25-8F72-45B4714598E1}.Release|Any CPU.Build.0 = Release|Any CPU
	EndGlobalSection
	GlobalSection(SolutionProperties) = preSolution
		HideSolutionNode = FALSE
	EndGlobalSection
	GlobalSection(ExtensibilityGlobals) = postSolution
		SolutionGuid = {CF6859B5-060F-4519-AEE7-605EBC013C1C}
	EndGlobalSection
EndGlobal
